{
  "lockfile-version": 1,
  "manifest": {
    "version": 1,
    "install": {
      "buf": {
        "pkg-path": "buf"
      },
      "gcc": {
        "pkg-path": "gcc"
      },
      "go": {
        "pkg-path": "go"
      },
      "python3": {
        "pkg-path": "python3"
      },
      "ruff": {
        "pkg-path": "ruff"
      },
      "uv": {
        "pkg-path": "uv"
      }
    },
    "hook": {
      "on-activate": "  export LIBSTDCPP_DIR=\"$(dirname \"$(gcc --print-file-name=libstdc++.so.6)\")\"\n  export LD_LIBRARY_PATH=\"$LIBSTDCPP_DIR${LD_LIBRARY_PATH:+:$LD_LIBRARY_PATH}\"\n"
    },
    "profile": {},
    "options": {}
  },
  "packages": [
    {
      "attr_path": "buf",
      "broken": false,
      "derivation": "/nix/store/qla4lrb0hmmh1cdh7z7y99nbnjic3ypj-buf-1.64.0.drv",
      "description": "Create consistent Protobuf APIs that preserve compatibility and comply with design best-practices",
      "install_id": "buf",
      "license": "Apache-2.0",
      "locked_url": "https://github.com/flox/nixpkgs?rev=2fc6539b481e1d2569f25f8799236694180c0993",
      "name": "buf-1.64.0",
      "pname": "buf",
      "rev": "2fc6539b481e1d2569f25f8799236694180c0993",
      "rev_count": 953160,
      "rev_date": "2026-02-23T12:05:20Z",
      "scrape_date": "2026-02-25T04:46:01.640765Z",
      "stabilities": [
        "unstable",
        "staging"
      ],
      "unfree": false,
      "version": "1.64.0",
      "outputs_to_install": [
        "out"
      ],
      "outputs": {
        "out": "/nix/store/bgq6plqczbhnw07d0x6vsmj7l24rni0d-buf-1.64.0"
      },
      "system": "aarch64-darwin",
      "group": "toplevel",
      "priority": 5
    },
    {
      "attr_path": "buf",
      "broken": false,
      "derivation": "/nix/store/0dx24vjqbdd237ymyii300zs9yqxn51y-buf-1.64.0.drv",
      "description": "Create consistent Protobuf APIs that preserve compatibility and comply with design best-practices",
      "install_id": "buf",
      "license": "Apache-2.0",
      "locked_url": "https://github.com/flox/nixpkgs?rev=2fc6539b481e1d2569f25f8799236694180c0993",
      "name": "buf-1.64.0",
      "pname": "buf",
      "rev": "2fc6539b481e1d2569f25f8799236694180c0993",
      "rev_count": 953160,
      "rev_date": "2026-02-23T12:05:20Z",
      "scrape_date": "2026-02-25T05:24:01.119504Z",
      "stabilities": [
        "unstable",
        "staging"
      ],
      "unfree": false,
      "version": "1.64.0",
      "outputs_to_install": [
        "out"
      ],
      "outputs": {
        "out": "/nix/store/4ghm2b7xzm7fhrnfrqn760kd7g9pwv7q-buf-1.64.0"
      },
      "system": "aarch64-linux",
      "group": "toplevel",
      "priority": 5
    },
    {
      "attr_path": "buf",
      "broken": false,
      "derivation": "/nix/store/25r1x0a5hgbkqb8dr052ym9w4mixhxa7-buf-1.64.0.drv",
      "description": "Create consistent Protobuf APIs that preserve compatibility and comply with design best-practices",
      "install_id": "buf",
      "license": "Apache-2.0",
      "locked_url": "https://github.com/flox/nixpkgs?rev=2fc6539b481e1d2569f25f8799236694180c0993",
      "name": "buf-1.64.0",
      "pname": "buf",
      "rev": "2fc6539b481e1d2569f25f8799236694180c0993",
      "rev_count": 953160,
      "rev_date": "2026-02-23T12:05:20Z",
      "scrape_date": "2026-02-25T06:09:08.261131Z",
      "stabilities": [
        "unstable",
        "staging"
      ],
      "unfree": false,
      "version": "1.64.0",
      "outputs_to_install": [
        "out"
      ],
      "outputs": {
        "out": "/nix/store/yqf9xljnmv858dpzsrlx85vmgnr6lyml-buf-1.64.0"
      },
      "system": "x86_64-darwin",
      "group": "toplevel",
      "priority": 5
    },
    {
      "attr_path": "buf",
      "broken": false,
      "derivation": "/nix/store/iivpwg6pbvyz59h87n8c7nvymkzi0ch1-buf-1.64.0.drv",
      "description": "Create consistent Protobuf APIs that preserve compatibility and comply with design best-practices",
      "install_id": "buf",
      "license": "Apache-2.0",
      "locked_url": "https://github.com/flox/nixpkgs?rev=2fc6539b481e1d2569f25f8799236694180c0993",
      "name": "buf-1.64.0",
      "pname": "buf",
      "rev": "2fc6539b481e1d2569f25f8799236694180c0993",
      "rev_count": 953160,
      "rev_date": "2026-02-23T12:05:20Z",
      "scrape_date": "2026-02-25T07:00:09.673553Z",
      "stabilities": [
        "unstable",
        "staging"
      ],
      "unfree": false,
      "version": "1.64.0",
      "outputs_to_install": [
        "out"
      ],
      "outputs": {
        "out": "/nix/store/6yg20bbxmb4ywymd3s32zgjc1aq2dfsm-buf-1.64.0"
      },
      "system": "x86_64-linux",
      "group": "toplevel",
      "priority": 5
    },
    {
      "attr_path": "gcc",
      "broken": false,
      "derivation": "/nix/store/979ggh5cb24182vdixvlypv65rmzbv6y-gcc-wrapper-15.2.0.drv",
      "description": "GNU Compiler Collection, version 15.2.0 (wrapper script)",
      "install_id": "gcc",
      "license": "GPL-3.0-or-later",
      "locked_url": "https://github.com/flox/nixpkgs?rev=2fc6539b481e1d2569f25f8799236694180c0993",
      "name": "gcc-wrapper-15.2.0",
      "pname": "gcc",
      "rev": "2fc6539b481e1d2569f25f8799236694180c0993",
      "rev_count": 953160,
      "rev_date": "2026-02-23T12:05:20Z",
      "scrape_date": "2026-02-25T04:46:02.734386Z",
      "stabilities": [
        "unstable",
        "staging"
      ],
      "unfree": false,
      "version": "15.2.0",
      "outputs_to_install": [
        "man",
        "out"
      ],
      "outputs": {
        "info": "/nix/store/2lckjqhqbpzv4m6qycsyirzvcgkqwi62-gcc-wrapper-15.2.0-info",
        "man": "/nix/store/x3jrq5zaj6f8m2zk96m2r9bk61dcgw7l-gcc-wrapper-15.2.0-man",
        "out": "/nix/store/ljjhqql9gdv64pwn08cmmkzjpkwkkgmc-gcc-wrapper-15.2.0"
      },
      "system": "aarch64-darwin",
      "group": "toplevel",
      "priority": 5
    },
    {
      "attr_path": "gcc",
      "broken": false,
      "derivation": "/nix/store/rwb9v0myg18sx7fn003h1ymla7fd4yay-gcc-wrapper-15.2.0.drv",
      "description": "GNU Compiler Collection, version 15.2.0 (wrapper script)",
      "install_id": "gcc",
      "license": "GPL-3.0-or-later",
      "locked_url": "https://github.com/flox/nixpkgs?rev=2fc6539b481e1d2569f25f8799236694180c0993",
      "name": "gcc-wrapper-15.2.0",
      "pname": "gcc",
      "rev": "2fc6539b481e1d2569f25f8799236694180c0993",
      "rev_count": 953160,
      "rev_date": "2026-02-23T12:05:20Z",
      "scrape_date": "2026-02-25T05:24:02.556443Z",
      "stabilities": [
        "unstable",
        "staging"
      ],
      "unfree": false,
      "version": "15.2.0",
      "outputs_to_install": [
        "man",
        "out",
        "out"
      ],
      "outputs": {
        "info": "/nix/store/0ps642kc7j7wg0bz3hb978plg16xfi7n-gcc-wrapper-15.2.0-info",
        "man": "/nix/store/y50lsbpbiy4wg5ccbbb68rabs2n3m69b-gcc-wrapper-15.2.0-man",
        "out": "/nix/store/6hazq450ci6m382yq4ym8a6mbiv9mfsk-gcc-wrapper-15.2.0"
      },
      "system": "aarch64-linux",
      "group": "toplevel",
      "priority": 5
    },
    {
      "attr_path": "gcc",
      "broken": false,
      "derivation": "/nix/store/q8c8nk4ndl8xa3x4rx00p59d253zd0vr-gcc-wrapper-15.2.0.drv",
      "description": "GNU Compiler Collection, version 15.2.0 (wrapper script)",
      "install_id": "gcc",
      "license": "GPL-3.0-or-later",
      "locked_url": "https://github.com/flox/nixpkgs?rev=2fc6539b481e1d2569f25f8799236694180c0993",
      "name": "gcc-wrapper-15.2.0",
      "pname": "gcc",
      "rev": "2fc6539b481e1d2569f25f8799236694180c0993",
      "rev_count": 953160,
      "rev_date": "2026-02-23T12:05:20Z",
      "scrape_date": "2026-02-25T06:09:09.273437Z",
      "stabilities": [
        "unstable",
        "staging"
      ],
      "unfree": false,
      "version": "15.2.0",
      "outputs_to_install": [
        "man",
        "out"
      ],
      "outputs": {
        "info": "/nix/store/a0c8viyq35k1lzx4w1g76kcxsjra5d9h-gcc-wrapper-15.2.0-info",
        "man": "/nix/store/gln5ld8gg6xfaczzyi84r586pwax8qz5-gcc-wrapper-15.2.0-man",
        "out": "/nix/store/adhxk22r0v0jsm26z0hfrzznwix7l491-gcc-wrapper-15.2.0"
      },
      "system": "x86_64-darwin",
      "group": "toplevel",
      "priority": 5
    },
    {
      "attr_path": "gcc",
      "broken": false,
      "derivation": "/nix/store/l8kjykqqnkh48cxjhz1p9wh53mb65dpf-gcc-wrapper-15.2.0.drv",
      "description": "GNU Compiler Collection, version 15.2.0 (wrapper script)",
      "install_id": "gcc",
      "license": "GPL-3.0-or-later",
      "locked_url": "https://github.com/flox/nixpkgs?rev=2fc6539b481e1d2569f25f8799236694180c0993",
      "name": "gcc-wrapper-15.2.0",
      "pname": "gcc",
      "rev": "2fc6539b481e1d2569f25f8799236694180c0993",
      "rev_count": 953160,
      "rev_date": "2026-02-23T12:05:20Z",
      "scrape_date": "2026-02-25T07:00:11.394850Z",
      "stabilities": [
        "unstable",
        "staging"
      ],
      "unfree": false,
      "version": "15.2.0",
      "outputs_to_install": [
        "man",
        "out",
        "out"
      ],
      "outputs": {
        "info": "/nix/store/mj78x8b2vp0q9j6xf7bmvinn3m2csfhp-gcc-wrapper-15.2.0-info",
        "man": "/nix/store/crcj0frpw4i8shmfwgyfx9fsqklf2iq5-gcc-wrapper-15.2.0-man",
        "out": "/nix/store/kbw2j1vag664b3sj3rjwz9v53cqx87sb-gcc-wrapper-15.2.0"
      },
      "system": "x86_64-linux",
      "group": "toplevel",
      "priority": 5
    },
    {
      "attr_path": "go",
      "broken": false,
      "derivation": "/nix/store/qxp3qchfll281gs2532av4926s6q5q2w-go-1.25.7.drv",
      "description": "Go Programming language",
      "install_id": "go",
      "license": "BSD-3-Clause",
      "locked_url": "https://github.com/flox/nixpkgs?rev=2fc6539b481e1d2569f25f8799236694180c0993",
      "name": "go-1.25.7",
      "pname": "go",
      "rev": "2fc6539b481e1d2569f25f8799236694180c0993",
      "rev_count": 953160,
      "rev_date": "2026-02-23T12:05:20Z",
      "scrape_date": "2026-02-25T04:46:02.939142Z",
      "stabilities": [
        "unstable",
        "staging"
      ],
      "unfree": false,
      "version": "1.25.7",
      "outputs_to_install": [
        "out"
      ],
      "outputs": {
        "out": "/nix/store/hj3rkkp4azj65qvalnbl6ax0sgrfgmgh-go-1.25.7"
      },
      "system": "aarch64-darwin",
      "group": "toplevel",
      "priority": 5
    },
    {
      "attr_path": "go",
      "broken": false,
      "derivation": "/nix/store/rygzd1f3h7cza5p7y0ja3nzcyyx4h7zx-go-1.25.7.drv",
      "description": "Go Programming language",
      "install_id": "go",
      "license": "BSD-3-Clause",
      "locked_url": "https://github.com/flox/nixpkgs?rev=2fc6539b481e1d2569f25f8799236694180c0993",
      "name": "go-1.25.7",
      "pname": "go",
      "rev": "2fc6539b481e1d2569f25f8799236694180c0993",
      "rev_count": 953160,
      "rev_date": "2026-02-23T12:05:20Z",
      "scrape_date": "2026-02-25T05:24:03.278112Z",
      "stabilities": [
        "unstable",
        "staging"
      ],
      "unfree": false,
      "version": "1.25.7",
      "outputs_to_install": [
        "out"
      ],
      "outputs": {
        "out": "/nix/store/2i6kcj0f0xirrblpl43k2yr673bhf2c5-go-1.25.7"
      },
      "system": "aarch64-linux",
      "group": "toplevel",
      "priority": 5
    },
    {
      "attr_path": "go",
      "broken": false,
      "derivation": "/nix/store/nnbdvaq62kwr6d3n16y1g85ycpcns0zf-go-1.25.7.drv",
      "description": "Go Programming language",
      "install_id": "go",
      "license": "BSD-3-Clause",
      "locked_url": "https://github.com/flox/nixpkgs?rev=2fc6539b481e1d2569f25f8799236694180c0993",
      "name": "go-1.25.7",
      "pname": "go",
      "rev": "2fc6539b481e1d2569f25f8799236694180c0993",
      "rev_count": 953160,
      "rev_date": "2026-02-23T12:05:20Z",
      "scrape_date": "2026-02-25T06:09:09.512982Z",
      "stabilities": [
        "unstable",
        "staging"
      ],
      "unfree": false,
      "version": "1.25.7",
      "outputs_to_install": [
        "out"
      ],
      "outputs": {
        "out": "/nix/store/8yk4r9kmb00ra1r22cxvdwghr8v987nf-go-1.25.7"
      },
      "system": "x86_64-darwin",
      "group": "toplevel",
      "priority": 5
    },
    {
      "attr_path": "go",
      "broken": false,
      "derivation": "/nix/store/fq8965avl2cbgcx0ni9xp7ixh8b8k2ki-go-1.25.7.drv",
      "description": "Go Programming language",
      "install_id": "go",
      "license": "BSD-3-Clause",
      "locked_url": "https://github.com/flox/nixpkgs?rev=2fc6539b481e1d2569f25f8799236694180c0993",
      "name": "go-1.25.7",
      "pname": "go",
      "rev": "2fc6539b481e1d2569f25f8799236694180c0993",
      "rev_count": 953160,
      "rev_date": "2026-02-23T12:05:20Z",
      "scrape_date": "2026-02-25T07:00:12.218111Z",
      "stabilities": [
        "unstable",
        "staging"
      ],
      "unfree": false,
      "version": "1.25.7",
      "outputs_to_install": [
        "out"
      ],
      "outputs": {
        "out": "/nix/store/pz4pxhmlqd3q72crp2sx90k85gf2rqyp-go-1.25.7"
      },
      "system": "x86_64-linux",
      "group": "toplevel",
      "priority": 5
    },
    {
      "attr_path": "python3",
      "broken": false,
      "derivation": "/nix/store/a97r4r3w7a8rfvd2q3kd11gz6aszg49j-python3-3.13.12.drv",
      "description": "High-level dynamically-typed programming language",
      "install_id": "python3",
      "license": "Python-2.0",
      "locked_url": "https://github.com/flox/nixpkgs?rev=2fc6539b481e1d2569f25f8799236694180c0993",
      "name": "python3-3.13.12",
      "pname": "python3",
      "rev": "2fc6539b481e1d2569f25f8799236694180c0993",
      "rev_count": 953160,
      "rev_date": "2026-02-23T12:05:20Z",
      "scrape_date": "2026-02-25T04:46:41.814670Z",
      "stabilities": [
        "unstable",
        "staging"
      ],
      "unfree": false,
      "version": "3.13.12",
      "outputs_to_install": [
        "out"
      ],
      "outputs": {
        "out": "/nix/store/h2y0a3x6hgznqq54rjszbi2x0rdnlgvb-python3-3.13.12"
      },
      "system": "aarch64-darwin",
      "group": "toplevel",
      "priority": 5
    },
    {
      "attr_path": "python3",
      "broken": false,
      "derivation": "/nix/store/w2lfkd781k4a5jx7fbmk7b59kbhjvlpl-python3-3.13.12.drv",
      "description": "High-level dynamically-typed programming language",
      "install_id": "python3",
      "license": "Python-2.0",
      "locked_url": "https://github.com/flox/nixpkgs?rev=2fc6539b481e1d2569f25f8799236694180c0993",
      "name": "python3-3.13.12",
      "pname": "python3",
      "rev": "2fc6539b481e1d2569f25f8799236694180c0993",
      "rev_count": 953160,
      "rev_date": "2026-02-23T12:05:20Z",
      "scrape_date": "2026-02-25T05:24:58.548340Z",
      "stabilities": [
        "unstable",
        "staging"
      ],
      "unfree": false,
      "version": "3.13.12",
      "outputs_to_install": [
        "out",
        "out"
      ],
      "outputs": {
        "debug": "/nix/store/09i7jzzkrzl2hd2dlxgl8r2rxb7v0b72-python3-3.13.12-debug",
        "out": "/nix/store/jbxc3f1gbnnx5wwhby9z56w95k44n0sw-python3-3.13.12"
      },
      "system": "aarch64-linux",
      "group": "toplevel",
      "priority": 5
    },
    {
      "attr_path": "python3",
      "broken": false,
      "derivation": "/nix/store/yv8wl1gj37iaisz89x1n9r1gj4ynlvpz-python3-3.13.12.drv",
      "description": "High-level dynamically-typed programming language",
      "install_id": "python3",
      "license": "Python-2.0",
      "locked_url": "https://github.com/flox/nixpkgs?rev=2fc6539b481e1d2569f25f8799236694180c0993",
      "name": "python3-3.13.12",
      "pname": "python3",
      "rev": "2fc6539b481e1d2569f25f8799236694180c0993",
      "rev_count": 953160,
      "rev_date": "2026-02-23T12:05:20Z",
      "scrape_date": "2026-02-25T06:09:47.680026Z",
      "stabilities": [
        "unstable",
        "staging"
      ],
      "unfree": false,
      "version": "3.13.12",
      "outputs_to_install": [
        "out"
      ],
      "outputs": {
        "out": "/nix/store/6lx7vd1lf0dsx5prsc915h0ibr1i7mci-python3-3.13.12"
      },
      "system": "x86_64-darwin",
      "group": "toplevel",
      "priority": 5
    },
    {
      "attr_path": "python3",
      "broken": false,
      "derivation": "/nix/store/s2h0lp0m59cpragags7p355hhj7vrh1s-python3-3.13.12.drv",
      "description": "High-level dynamically-typed programming language",
      "install_id": "python3",
      "license": "Python-2.0",
      "locked_url": "https://github.com/flox/nixpkgs?rev=2fc6539b481e1d2569f25f8799236694180c0993",
      "name": "python3-3.13.12",
      "pname": "python3",
      "rev": "2fc6539b481e1d2569f25f8799236694180c0993",
      "rev_count": 953160,
      "rev_date": "2026-02-23T12:05:20Z",
      "scrape_date": "2026-02-25T07:01:14.558961Z",
      "stabilities": [
        "unstable",
        "staging"
      ],
      "unfree": false,
      "version": "3.13.12",
      "outputs_to_install": [
        "out",
        "out"
      ],
      "outputs": {
        "debug": "/nix/store/9bwcfcgqklihjs89b0qfjlpl4wlbflkd-python3-3.13.12-debug",
        "out": "/nix/store/m1fw8l8y9ycxh5dzispbb7cwl6rra14l-python3-3.13.12"
      },
      "system": "x86_64-linux",
      "group": "toplevel",
      "priority": 5
    },
    {
      "attr_path": "ruff",
      "broken": false,
      "derivation": "/nix/store/icqhj5araa2crdz6qm1mklgsl4p22pz2-ruff-0.15.1.drv",
      "description": "Extremely fast Python linter and code formatter",
      "install_id": "ruff",
      "license": "MIT",
      "locked_url": "https://github.com/flox/nixpkgs?rev=2fc6539b481e1d2569f25f8799236694180c0993",
      "name": "ruff-0.15.1",
      "pname": "ruff",
      "rev": "2fc6539b481e1d2569f25f8799236694180c0993",
      "rev_count": 953160,
      "rev_date": "2026-02-23T12:05:20Z",
      "scrape_date": "2026-02-25T04:47:31.250752Z",
      "stabilities": [
        "unstable",
        "staging"
      ],
      "unfree": false,
      "version": "0.15.1",
      "outputs_to_install": [
        "out"
      ],
      "outputs": {
        "out": "/nix/store/z4qndhvs1avahvnalx2d7lpld1xn15sd-ruff-0.15.1"
      },
      "system": "aarch64-darwin",
      "group": "toplevel",
      "priority": 5
    },
    {
      "attr_path": "ruff",
      "broken": false,
      "derivation": "/nix/store/fa9llgajdhq658j7klr2hyr5c4rx8gr2-ruff-0.15.1.drv",
      "description": "Extremely fast Python linter and code formatter",
      "install_id": "ruff",
      "license": "MIT",
      "locked_url": "https://github.com/flox/nixpkgs?rev=2fc6539b481e1d2569f25f8799236694180c0993",
      "name": "ruff-0.15.1",
      "pname": "ruff",
      "rev": "2fc6539b481e1d2569f25f8799236694180c0993",
      "rev_count": 953160,
      "rev_date": "2026-02-23T12:05:20Z",
      "scrape_date": "2026-02-25T05:25:58.471387Z",
      "stabilities": [
        "unstable",
        "staging"
      ],
      "unfree": false,
      "version": "0.15.1",
      "outputs_to_install": [
        "out"
      ],
      "outputs": {
        "out": "/nix/store/g78xly6975js6w0k12ksxfg72i4z9f07-ruff-0.15.1"
      },
      "system": "aarch64-linux",
      "group": "toplevel",
      "priority": 5
    },
    {
      "attr_path": "ruff",
      "broken": false,
      "derivation": "/nix/store/30kpzxjrhf04mmwnq3djg008snr7l0z2-ruff-0.15.1.drv",
      "description": "Extremely fast Python linter and code formatter",
      "install_id": "ruff",
      "license": "MIT",
      "locked_url": "https://github.com/flox/nixpkgs?rev=2fc6539b481e1d2569f25f8799236694180c0993",
      "name": "ruff-0.15.1",
      "pname": "ruff",
      "rev": "2fc6539b481e1d2569f25f8799236694180c0993",
      "rev_count": 953160,
      "rev_date": "2026-02-23T12:05:20Z",
      "scrape_date": "2026-02-25T06:10:37.906002Z",
      "stabilities": [
        "unstable",
        "staging"
      ],
      "unfree": false,
      "version": "0.15.1",
      "outputs_to_install": [
        "out"
      ],
      "outputs": {
        "out": "/nix/store/g9cv6b067gzx7swniwahv1wi551mslq1-ruff-0.15.1"
      },
      "system": "x86_64-darwin",
      "group": "toplevel",
      "priority": 5
    },
    {
      "attr_path": "ruff",
      "broken": false,
      "derivation": "/nix/store/2qlslbbgagm8vw24lxp16vr6r109r2v8-ruff-0.15.1.drv",
      "description": "Extremely fast Python linter and code formatter",
      "install_id": "ruff",
      "license": "MIT",
      "locked_url": "https://github.com/flox/nixpkgs?rev=2fc6539b481e1d2569f25f8799236694180c0993",
      "name": "ruff-0.15.1",
      "pname": "ruff",
      "rev": "2fc6539b481e1d2569f25f8799236694180c0993",
      "rev_count": 953160,
      "rev_date": "2026-02-23T12:05:20Z",
      "scrape_date": "2026-02-25T07:02:20.064819Z",
      "stabilities": [
        "unstable",
        "staging"
      ],
      "unfree": false,
      "version": "0.15.1",
      "outputs_to_install": [
        "out"
      ],
      "outputs": {
        "out": "/nix/store/w0712ww7bkq6rrf2a9n8wjnvsf37q810-ruff-0.15.1"
      },
      "system": "x86_64-linux",
      "group": "toplevel",
      "priority": 5
    },
    {
      "attr_path": "uv",
      "broken": false,
      "derivation": "/nix/store/x6j4192kdag9zpv7b13dsl6d9dl4mq0z-uv-0.10.4.drv",
      "description": "Extremely fast Python package installer and resolver, written in Rust",
      "install_id": "uv",
      "license": "[ Apache-2.0, MIT ]",
      "locked_url": "https://github.com/flox/nixpkgs?rev=2fc6539b481e1d2569f25f8799236694180c0993",
      "name": "uv-0.10.4",
      "pname": "uv",
      "rev": "2fc6539b481e1d2569f25f8799236694180c0993",
      "rev_count": 953160,
      "rev_date": "2026-02-23T12:05:20Z",
      "scrape_date": "2026-02-25T04:48:25.875225Z",
      "stabilities": [
        "unstable",
        "staging"
      ],
      "unfree": false,
      "version": "0.10.4",
      "outputs_to_install": [
        "out"
      ],
      "outputs": {
        "out": "/nix/store/iz3bcbs2pa00l0awp05pfb0x8dlx1ljm-uv-0.10.4"
      },
      "system": "aarch64-darwin",
      "group": "toplevel",
      "priority": 5
    },
    {
      "attr_path": "uv",
      "broken": false,
      "derivation": "/nix/store/ylqxvsfnibr8lmrk4q7m63c3ks4vpy6g-uv-0.10.4.drv",
      "description": "Extremely fast Python package installer and resolver, written in Rust",
      "install_id": "uv",
      "license": "[ Apache-2.0, MIT ]",
      "locked_url": "https://github.com/flox/nixpkgs?rev=2fc6539b481e1d2569f25f8799236694180c0993",
      "name": "uv-0.10.4",
      "pname": "uv",
      "rev": "2fc6539b481e1d2569f25f8799236694180c0993",
      "rev_count": 953160,
      "rev_date": "2026-02-23T12:05:20Z",
      "scrape_date": "2026-02-25T05:27:08.194782Z",
      "stabilities": [
        "unstable",
        "staging"
      ],
      "unfree": false,
      "version": "0.10.4",
      "outputs_to_install": [
        "out"
      ],
      "outputs": {
        "out": "/nix/store/d3agwkb703z1j2iccs5p0hyf8nva03fy-uv-0.10.4"
      },
      "system": "aarch64-linux",
      "group": "toplevel",
      "priority": 5
    },
    {
      "attr_path": "uv",
      "broken": false,
      "derivation": "/nix/store/gxpzi6mcjlg7d52v60znp8ayqcqi9dg0-uv-0.10.4.drv",
      "description": "Extremely fast Python package installer and resolver, written in Rust",
      "install_id": "uv",
      "license": "[ Apache-2.0, MIT ]",
      "locked_url": "https://github.com/flox/nixpkgs?rev=2fc6539b481e1d2569f25f8799236694180c0993",
      "name": "uv-0.10.4",
      "pname": "uv",
      "rev": "2fc6539b481e1d2569f25f8799236694180c0993",
      "rev_count": 953160,
      "rev_date": "2026-02-23T12:05:20Z",
      "scrape_date": "2026-02-25T06:11:33.134995Z",
      "stabilities": [
        "unstable",
        "staging"
      ],
      "unfree": false,
      "version": "0.10.4",
      "outputs_to_install": [
        "out"
      ],
      "outputs": {
        "out": "/nix/store/vrznmkha6ws0574jhhnxf4czsy3igs8s-uv-0.10.4"
      },
      "system": "x86_64-darwin",
      "group": "toplevel",
      "priority": 5
    },
    {
      "attr_path": "uv",
      "broken": false,
      "derivation": "/nix/store/p9g4bsrbhvchmm3adzdaz8bhcm1n80hd-uv-0.10.4.drv",
      "description": "Extremely fast Python package installer and resolver, written in Rust",
      "install_id": "uv",
      "license": "[ Apache-2.0, MIT ]",
      "locked_url": "https://github.com/flox/nixpkgs?rev=2fc6539b481e1d2569f25f8799236694180c0993",
      "name": "uv-0.10.4",
      "pname": "uv",
      "rev": "2fc6539b481e1d2569f25f8799236694180c0993",
      "rev_count": 953160,
      "rev_date": "2026-02-23T12:05:20Z",
      "scrape_date": "2026-02-25T07:03:34.022261Z",
      "stabilities": [
        "unstable",
        "staging"
      ],
      "unfree": false,
      "version": "0.10.4",
      "outputs_to_install": [
        "out"
      ],
      "outputs": {
        "out": "/nix/store/kwxpv3m0wyyzgpqvm805vlkh2as4asy6-uv-0.10.4"
      },
      "system": "x86_64-linux",
      "group": "toplevel",
      "priority": 5
    }
  ]
}
