version = 1
revision = 3
requires-python = ">=3.14"

[[package]]
name = "anyio"
version = "4.14.2"
source = { registry = "https://pypi.org/simple" }
dependencies = [
    { name = "idna" },
]
sdist = { url = "https://files.pythonhosted.org/packages/61/cc/a381afa6efea9f496eff839d4a6a1aed3bfafc7b3ab4b0d1b243a12573dd/anyio-4.14.2.tar.gz", hash = "sha256:cfa139f3ed1a23ee8f88a145ddb5ac7605b8bbfd8592baacd7ce3d8bb4313c7f", size = 260176, upload-time = "2026-07-12T20:29:07.082Z" }
wheels = [
    { url = "https://files.pythonhosted.org/packages/da/35/f2287558c17e29fafc8ef3daf819bb9834061cfa43bff8014f7df7f63bdc/anyio-4.14.2-py3-none-any.whl", hash = "sha256:9f505dda5ac9f0c8309b5e8bd445a8c2bf7246f3ce950121e45ea15bc41d1494", size = 125813, upload-time = "2026-07-12T20:29:05.763Z" },
]

[[package]]
name = "certifi"
version = "2026.7.22"
source = { registry = "https://pypi.org/simple" }
sdist = { url = "https://files.pythonhosted.org/packages/a3/c2/24167ea9858356b47a87a50d39908bfdb72ceeefe0041586e704e5376b3a/certifi-2026.7.22.tar.gz", hash = "sha256:741e2c3b351ddf169a738da9f2c048608ff7f2c5cc02f1ebc6b118bb090d5d55", size = 138112, upload-time = "2026-07-22T03:35:12.644Z" }
wheels = [
    { url = "https://files.pythonhosted.org/packages/0b/a7/71ac2cff56fec219ed242bb11b8efb69fcc4bec75db06fb7bfe35de520e6/certifi-2026.7.22-py3-none-any.whl", hash = "sha256:62f22742b58a1a33014a2b6b706588a8d7e2a88ae7bd1a6ebe8c992928483775", size = 136983, upload-time = "2026-07-22T03:35:11.276Z" },
]

[[package]]
name = "click"
version = "8.5.0"
source = { registry = "https://pypi.org/simple" }
sdist = { url = "https://files.pythonhosted.org/packages/c7/0e/7fa0ef50764b67090eca4114772a2abf8b6148198475e54c660b97caeee6/click-8.5.0.tar.gz", hash = "sha256:ba0d2089de75ea0310e2dde03160e6ca10009947fb95a182f9b54021bb272e34", size = 382235, upload-time = "2026-08-26T13:33:14.56Z" }
wheels = [
    { url = "https://files.pythonhosted.org/packages/58/50/6c0d534c5f134586a8e1ba4e330569e32f057e33372ae556463212fb4cd3/click-8.5.0-py3-none-any.whl", hash = "sha256:255bc9599cf7748b4b1a446ccc735421bd08a2ae529a8b88597d3de5664ee360", size = 125251, upload-time = "2026-08-26T13:33:12.928Z" },
]

[[package]]
name = "colorama"
version = "0.4.6"
source = { registry = "https://pypi.org/simple" }
sdist = { url = "https://files.pythonhosted.org/packages/d8/53/6f443c9a4a8358a93a6792e2acffb9d9d5cb0a5cfd8802644b7b1c9a02e4/colorama-0.4.6.tar.gz", hash = "sha256:08695f5cb7ed6e0531a20572697297273c47b8cae5a63ffc6d6ed5c201be6e44", size = 27697, upload-time = "2022-10-25T02:36:22.414Z" }
wheels = [
    { url = "https://files.pythonhosted.org/packages/d1/d6/3965ed04c63042e047cb6a3e6ed1a63a35087b6a609aa3a15ed8ac56c221/colorama-0.4.6-py2.py3-none-any.whl", hash = "sha256:4f1d9991f5acc0ca119f9d443620b77f9d6b33703e51011c16baf57afb285fc6", size = 25335, upload-time = "2022-10-25T02:36:20.889Z" },
]

[[package]]
name = "googleapis-common-protos"
version = "1.75.2"
source = { registry = "https://pypi.org/simple" }
dependencies = [
    { name = "protobuf" },
]
sdist = { url = "https://files.pythonhosted.org/packages/c0/90/fb8f1c84537fbf210c1f53a53ae473a805f6599c5a40b93c1bbadd211f7a/googleapis_common_protos-1.75.2.tar.gz", hash = "sha256:8829a3d1e4508c5b7b9a6b9525f7fccff611f8531644579a76466c29295d4bb2", size = 154083, upload-time = "2026-08-25T19:19:13.028Z" }
wheels = [
    { url = "https://files.pythonhosted.org/packages/47/5b/1c9e55363c3b1890a98cae813de5b4ea327845756cd8fb7ee690140c7eac/googleapis_common_protos-1.75.2-py3-none-any.whl", hash = "sha256:6b83302f554ea93a0f48409c7fc2050f954bcbcddb7e3a9c76d4a823cb22920e", size = 307002, upload-time = "2026-08-25T19:18:08.927Z" },
]

[[package]]
name = "grpcio"
version = "1.83.1"
source = { registry = "https://pypi.org/simple" }
dependencies = [
    { name = "typing-extensions" },
]
sdist = { url = "https://files.pythonhosted.org/packages/e2/b1/46539f5050d7c316a13396d185451f95084a74ddc68b12d818595bef0377/grpcio-1.83.1.tar.gz", hash = "sha256:9cee6fcbf2eb57c4b49451787bfa87be8efc1ca02a0b327dd4b54d44502e362b", size = 13445033, upload-time = "2026-08-28T07:09:11.464Z" }
wheels = [
    { url = "https://files.pythonhosted.org/packages/42/9c/484d981d8b90c4e6abf3030bd2ed747e84d1eb192b3ec9cbb41e0b73e4bf/grpcio-1.83.1-cp314-cp314-linux_armv7l.whl", hash = "sha256:8b3c87ca908296bf125f841d3e1a2225a2b39aaa8ed7a57e7ccde465ee519bab", size = 6306089, upload-time = "2026-08-28T07:08:48.379Z" },
    { url = "https://files.pythonhosted.org/packages/84/01/0afec1c92e4f292f74a44ecf75eabbf40903125b8c4df103c9868d6338da/grpcio-1.83.1-cp314-cp314-macosx_11_0_universal2.whl", hash = "sha256:c0f3f20c90e72a171917ae65706500b096a1c3eb5f162c3ce702a2e25635f132", size = 12170381, upload-time = "2026-08-28T07:08:50.653Z" },
    { url = "https://files.pythonhosted.org/packages/c7/5a/e9a2383804433a0a61d6d93777ad321c7f36ac1cfdaa4c6d1a7c9ac846b7/grpcio-1.83.1-cp314-cp314-manylinux2014_aarch64.manylinux_2_17_aarch64.whl", hash = "sha256:81bbf35a46bf8cad2dfbb2eccc19c711befb58b288acb534bbcd0d74283202a6", size = 6883286, upload-time = "2026-08-28T07:08:53.654Z" },
    { url = "https://files.pythonhosted.org/packages/63/e7/f8ca8f76994e14c70b9a0052e82f10de497a23db450c36379c9716ebfc4d/grpcio-1.83.1-cp314-cp314-manylinux2014_i686.manylinux_2_17_i686.whl", hash = "sha256:215cec07d11176507387bda4bf2751816e880f9bff8dc1ca524bfbb8ed8f2fad", size = 7624293, upload-time = "2026-08-28T07:08:55.709Z" },
    { url = "https://files.pythonhosted.org/packages/bb/7a/4b672814b0cd0fe63bdd735379d88b165759f3144ab023ad8ec5fc4d53ac/grpcio-1.83.1-cp314-cp314-manylinux2014_x86_64.manylinux_2_17_x86_64.whl", hash = "sha256:abce7d43ec29cd39230fa8339de1a07643b55adc412a454850fbd875349950ff", size = 7044346, upload-time = "2026-08-28T07:08:57.802Z" },
    { url = "https://files.pythonhosted.org/packages/50/b8/d89fe60e4239ad51be333dd9cc703741d449a35064e51f8a0b5bfa755432/grpcio-1.83.1-cp314-cp314-musllinux_1_2_aarch64.whl", hash = "sha256:e256f95a40e3b0183a98556fb7164d24b97eeb353123ccabfcba94712b35ee2a", size = 7584187, upload-time = "2026-08-28T07:08:59.867Z" },
    { url = "https://files.pythonhosted.org/packages/dc/b2/b290d7402633d9166e4dd47e6f5f74a24ce10a8340b84455896ebc349f85/grpcio-1.83.1-cp314-cp314-musllinux_1_2_i686.whl", hash = "sha256:2110059146fb0ea216e1ffddb29377b5cc2fd412a5b0a92e102616bd5edf18c2", size = 8608730, upload-time = "2026-08-28T07:09:02.592Z" },
    { url = "https://files.pythonhosted.org/packages/f5/44/fa89e44d1b5cf5b9fa71b2fd7abf506f182fd43917231a92fbf1ea326b02/grpcio-1.83.1-cp314-cp314-musllinux_1_2_x86_64.whl", hash = "sha256:20d944d967843f8183f9f23d5916388362e5f8eeeae855bbe4354d906dc9f31b", size = 7983283, upload-time = "2026-08-28T07:09:05.087Z" },
    { url = "https://files.pythonhosted.org/packages/ce/b8/9db73ed1f35ffa76124ac574bf296d06a359798dfd6b50d382f2b8a060a1/grpcio-1.83.1-cp314-cp314-win32.whl", hash = "sha256:623c87c6d4a1cb30d82c4e896f95477050f2e01b4a1f8cf91ff2b1abdf89c457", size = 4474327, upload-time = "2026-08-28T07:09:07.179Z" },
    { url = "https://files.pythonhosted.org/packages/65/22/fc9a622d885a7a37ff972a12faaef443d74e47407181da70d0ab62ab41f0/grpcio-1.83.1-cp314-cp314-win_amd64.whl", hash = "sha256:47e6934ad38779271e2e7cc5f78a63a407cf3d98114c65c1fdbcd3f5a716f29b", size = 5302032, upload-time = "2026-08-28T07:09:09.285Z" },
]

[[package]]
name = "grpcio-reflection"
version = "1.83.1"
source = { registry = "https://pypi.org/simple" }
dependencies = [
    { name = "grpcio" },
    { name = "protobuf" },
]
sdist = { url = "https://files.pythonhosted.org/packages/79/86/7a54dbb97ff190462831079d2d7e348bd417d5ffacbe93541511832b85b6/grpcio_reflection-1.83.1.tar.gz", hash = "sha256:c33953f2eae1313ab1d2c2b6a1cec6ddaebe6763da1b2631980792d9792e6233", size = 19204, upload-time = "2026-08-28T07:12:25.277Z" }
wheels = [
    { url = "https://files.pythonhosted.org/packages/ec/f1/397caeda1b4cfdd6873acf6a1603bc6f8774dfbba107d5fd788bcce18e14/grpcio_reflection-1.83.1-py3-none-any.whl", hash = "sha256:6f80bb2a8f8893545b5a1669fad48518a9e4783f8edd739a300be53e7d1ce0b2", size = 22909, upload-time = "2026-08-28T07:12:14.862Z" },
]

[[package]]
name = "h11"
version = "0.16.0"
source = { registry = "https://pypi.org/simple" }
sdist = { url = "https://files.pythonhosted.org/packages/01/ee/02a2c011bdab74c6fb3c75474d40b3052059d95df7e73351460c8588d963/h11-0.16.0.tar.gz", hash = "sha256:4e35b956cf45792e4caa5885e69fba00bdbc6ffafbfa020300e549b208ee5ff1", size = 101250, upload-time = "2025-04-24T03:35:25.427Z" }
wheels = [
    { url = "https://files.pythonhosted.org/packages/04/4b/29cac41a4d98d144bf5f6d33995617b185d14b22401f75ca86f384e87ff1/h11-0.16.0-py3-none-any.whl", hash = "sha256:63cf8bbe7522de3bf65932fda1d9c2772064ffb3dae62d55932da54b31cb6c86", size = 37515, upload-time = "2025-04-24T03:35:24.344Z" },
]

[[package]]
name = "httpcore"
version = "1.0.9"
source = { registry = "https://pypi.org/simple" }
dependencies = [
    { name = "certifi" },
    { name = "h11" },
]
sdist = { url = "https://files.pythonhosted.org/packages/06/94/82699a10bca87a5556c9c59b5963f2d039dbd239f25bc2a63907a05a14cb/httpcore-1.0.9.tar.gz", hash = "sha256:6e34463af53fd2ab5d807f399a9b45ea31c3dfa2276f15a2c3f00afff6e176e8", size = 85484, upload-time = "2025-04-24T22:06:22.219Z" }
wheels = [
    { url = "https://files.pythonhosted.org/packages/7e/f5/f66802a942d491edb555dd61e3a9961140fd64c90bce1eafd741609d334d/httpcore-1.0.9-py3-none-any.whl", hash = "sha256:2d400746a40668fc9dec9810239072b40b4484b640a8c38fd654a024c7a1bf55", size = 78784, upload-time = "2025-04-24T22:06:20.566Z" },
]

[[package]]
name = "httpx"
version = "0.28.1"
source = { registry = "https://pypi.org/simple" }
dependencies = [
    { name = "anyio" },
    { name = "certifi" },
    { name = "httpcore" },
    { name = "idna" },
]
sdist = { url = "https://files.pythonhosted.org/packages/b1/df/48c586a5fe32a0f01324ee087459e112ebb7224f646c0b5023f5e79e9956/httpx-0.28.1.tar.gz", hash = "sha256:75e98c5f16b0f35b567856f597f06ff2270a374470a5c2392242528e3e3e42fc", size = 141406, upload-time = "2024-12-06T15:37:23.222Z" }
wheels = [
    { url = "https://files.pythonhosted.org/packages/2a/39/e50c7c3a983047577ee07d2a9e53faf5a69493943ec3f6a384bdc792deb2/httpx-0.28.1-py3-none-any.whl", hash = "sha256:d909fcccc110f8c7faf814ca82a9a4d816bc5a6dbfea25d6591d6985b8ba59ad", size = 73517, upload-time = "2024-12-06T15:37:21.509Z" },
]

[[package]]
name = "idna"
version = "3.19"
source = { registry = "https://pypi.org/simple" }
sdist = { url = "https://files.pythonhosted.org/packages/5f/f7/abb373e5757eaec4b922b92f97ec8d6d7e057cf06778247604fbc4e7c3f3/idna-3.19.tar.gz", hash = "sha256:5e0811a4383b21dc5838069f801c4fb62113b7447663d2530d2bd6e77b49bf15", size = 215237, upload-time = "2026-08-18T05:14:24.27Z" }
wheels = [
    { url = "https://files.pythonhosted.org/packages/57/b0/0e52c878c53f245edd3a11020f20979b3f490f245af532c7cae3027754b5/idna-3.19-py3-none-any.whl", hash = "sha256:815e7be7a7806d54abb586dc943addc79e8b2ee16915059658cbeff4b1b43bf4", size = 68550, upload-time = "2026-08-18T05:14:22.343Z" },
]

[[package]]
name = "iniconfig"
version = "2.3.0"
source = { registry = "https://pypi.org/simple" }
sdist = { url = "https://files.pythonhosted.org/packages/72/34/14ca021ce8e5dfedc35312d08ba8bf51fdd999c576889fc2c24cb97f4f10/iniconfig-2.3.0.tar.gz", hash = "sha256:c76315c77db068650d49c5b56314774a7804df16fee4402c1f19d6d15d8c4730", size = 20503, upload-time = "2025-10-18T21:55:43.219Z" }
wheels = [
    { url = "https://files.pythonhosted.org/packages/cb/b1/3846dd7f199d53cb17f49cba7e651e9ce294d8497c8c150530ed11865bb8/iniconfig-2.3.0-py3-none-any.whl", hash = "sha256:f631c04d2c48c52b84d0d0549c99ff3859c98df65b3101406327ecc7d53fbf12", size = 7484, upload-time = "2025-10-18T21:55:41.639Z" },
]

[[package]]
name = "invariant-protocol"
version = "0.16.3"
source = { git = "https://github.com/jim-technologies/invariantprotocol.git?subdirectory=python#a6c8215f82b39b2dfbaaf414a347513b24aff957" }
dependencies = [
    { name = "googleapis-common-protos" },
    { name = "grpcio" },
    { name = "grpcio-reflection" },
    { name = "httpx" },
    { name = "protobuf" },
    { name = "protovalidate" },
    { name = "uvicorn" },
]

[[package]]
name = "packaging"
version = "26.3"
source = { registry = "https://pypi.org/simple" }
sdist = { url = "https://files.pythonhosted.org/packages/7d/fa/3944b40b07da9ce895c0e6303a5ab7d53da063554f534556b134a54d6093/packaging-26.3.tar.gz", hash = "sha256:94edc256424af38762eb31306eed28beb9f0efc50a8837492c9d6fd6004aed79", size = 313412, upload-time = "2026-08-04T18:15:28.737Z" }
wheels = [
    { url = "https://files.pythonhosted.org/packages/63/34/ba1c580383c9eada3711951fef0795c80b829a078d72188184bcab9dd527/packaging-26.3-py3-none-any.whl", hash = "sha256:d7193f7c8e4e93f444fde0262bf90af30e16fa0ad0ad44cb553c87339b23cd1c", size = 129956, upload-time = "2026-08-04T18:15:27.159Z" },
]

[[package]]
name = "pluggy"
version = "1.6.0"
source = { registry = "https://pypi.org/simple" }
sdist = { url = "https://files.pythonhosted.org/packages/f9/e2/3e91f31a7d2b083fe6ef3fa267035b518369d9511ffab804f839851d2779/pluggy-1.6.0.tar.gz", hash = "sha256:7dcc130b76258d33b90f61b658791dede3486c3e6bfb003ee5c9bfb396dd22f3", size = 69412, upload-time = "2025-05-15T12:30:07.975Z" }
wheels = [
    { url = "https://files.pythonhosted.org/packages/54/20/4d324d65cc6d9205fabedc306948156824eb9f0ee1633355a8f7ec5c66bf/pluggy-1.6.0-py3-none-any.whl", hash = "sha256:e920276dd6813095e9377c0bc5566d94c932c33b27a3e3945d8389c374dd4746", size = 20538, upload-time = "2025-05-15T12:30:06.134Z" },
]

[[package]]
name = "protobuf"
version = "7.36.0"
source = { registry = "https://pypi.org/simple" }
sdist = { url = "https://files.pythonhosted.org/packages/a7/e7/0553e21d25ca4d9f573135775348a372c3ec34a93a71d5f297c3bac38341/protobuf-7.36.0.tar.gz", hash = "sha256:e8e09cb0d794c6687926fa558a8a6e72aa10edb997d5ca61da0765f12a3e00ea", size = 510034, upload-time = "2026-08-20T16:34:01.071Z" }
wheels = [
    { url = "https://files.pythonhosted.org/packages/8f/ae/58e3ca96cb2e118cc546b677359b3c6659f79a140935c08dec94c7998585/protobuf-7.36.0-cp310-abi3-macosx_10_9_universal2.whl", hash = "sha256:9103532dffd80c6fab7e50c65a31007680a06eb57537d437bb1b35812c138a37", size = 453256, upload-time = "2026-08-20T16:33:53.945Z" },
    { url = "https://files.pythonhosted.org/packages/f0/15/5162230af4912697f0fe406f6800f80760945babcff0e2c2fe6c84ef2d5d/protobuf-7.36.0-cp310-abi3-manylinux2014_aarch64.whl", hash = "sha256:bf94a5917c71058262de683669bc0a797a7669d3de71f0b36d058e3194f47b44", size = 341436, upload-time = "2026-08-20T16:33:55.134Z" },
    { url = "https://files.pythonhosted.org/packages/d7/09/1670b2bfc9a45e807e520c3e9be36524db9ccc7dc05ea17af7681cabdc61/protobuf-7.36.0-cp310-abi3-manylinux2014_s390x.whl", hash = "sha256:3297e60abdff301e5f74393d87f6cc59dacab5f024a89548a6e8de1d26576b16", size = 354440, upload-time = "2026-08-20T16:33:56.077Z" },
    { url = "https://files.pythonhosted.org/packages/c7/f8/bd5804695ba400e423c33fd4d9f58c28d86633d5ba1945c36ff3967d98cb/protobuf-7.36.0-cp310-abi3-manylinux2014_x86_64.whl", hash = "sha256:70f5ec8eb0da81a44360c0dc0beac99a0d78071d21956a7076bae8bd2051841b", size = 340439, upload-time = "2026-08-20T16:33:56.992Z" },
    { url = "https://files.pythonhosted.org/packages/ef/9f/acd02338235a3e7d03168c4303478347b7624fc8189ff4e7f0d2654bbe86/protobuf-7.36.0-cp310-abi3-win32.whl", hash = "sha256:7326fd717bdc419162a735938d89d4032332bcc3408804012b24ff3a37086071", size = 440216, upload-time = "2026-08-20T16:33:57.99Z" },
    { url = "https://files.pythonhosted.org/packages/0e/4e/12cb93270967a2affff5b3f720694700d4d87712a67afd05c8cb3f6fa52c/protobuf-7.36.0-cp310-abi3-win_amd64.whl", hash = "sha256:1781cc1de61249b750848029bca452c0a8b7e990080316b9bbc2518b2117b488", size = 453731, upload-time = "2026-08-20T16:33:58.951Z" },
    { url = "https://files.pythonhosted.org/packages/01/c3/629999e78d46c1115c11886d51c6bd68c17ce4a944f1ea3e153a91316a33/protobuf-7.36.0-py3-none-any.whl", hash = "sha256:53374d53fc29a67f7dbbf0ade47d7526a0f0137bf0f9c90e48d8a60790ef748c", size = 177024, upload-time = "2026-08-20T16:34:00.053Z" },
]

[[package]]
name = "protobuf-py"
version = "0.3.0"
source = { registry = "https://pypi.org/simple" }
dependencies = [
    { name = "protobuf-py-ext", marker = "(platform_machine == 'arm64' and platform_python_implementation == 'CPython' and sys_platform == 'darwin') or (platform_machine == 'aarch64' and platform_python_implementation == 'CPython' and sys_platform == 'linux') or (platform_machine == 'x86_64' and platform_python_implementation == 'CPython' and sys_platform == 'linux') or (platform_machine == 'AMD64' and platform_python_implementation == 'CPython' and sys_platform == 'win32') or (platform_machine == 'ARM64' and platform_python_implementation == 'CPython' and sys_platform == 'win32')" },
]
sdist = { url = "https://files.pythonhosted.org/packages/96/fa/cd8192cc89c7373a8864f310b423faa0ca23679f68e70b16abc7512e2570/protobuf_py-0.3.0.tar.gz", hash = "sha256:3fd187380a85b9850ec548b324eb1a6f5e3a70d62d483ef73c4ed62e0791c26c", size = 157327, upload-time = "2026-08-07T01:24:24.066Z" }
wheels = [
    { url = "https://files.pythonhosted.org/packages/e7/1a/764caf932a88d63cd68f2d53d3cb34a62c61c252f22536ed7fb1050c378c/protobuf_py-0.3.0-py3-none-any.whl", hash = "sha256:821d2b48f83c98e0c6b8eddc1f7b3ab89f6ea5c5f797952c716a5bc300290923", size = 205193, upload-time = "2026-08-07T01:23:40.072Z" },
]

[[package]]
name = "protobuf-py-ext"
version = "0.3.0"
source = { registry = "https://pypi.org/simple" }
sdist = { url = "https://files.pythonhosted.org/packages/44/b8/ea997e3f3c29ec39f0dbe9cd64482e08d1a0f0947ccb81fefb1bc53e655b/protobuf_py_ext-0.3.0.tar.gz", hash = "sha256:d6a34587eceb5ef6777fb3dedc1c61f1192da71d5f79049a8028ad06313d2d84", size = 57167, upload-time = "2026-08-07T01:24:25.117Z" }
wheels = [
    { url = "https://files.pythonhosted.org/packages/8d/27/20658c04dd4c403d82b5e5f3772f15ee9a1e9ce2898c2f2b35597e613427/protobuf_py_ext-0.3.0-cp310-abi3-macosx_11_0_arm64.whl", hash = "sha256:32757358a6e3b2f56648eb7268dd34db06f97bb95c501d033fcb6435a9c16bb6", size = 469520, upload-time = "2026-08-07T01:23:41.93Z" },
    { url = "https://files.pythonhosted.org/packages/00/3e/c9bb496284355b19b13e699a4a47af9a82fe75a7dbaf17e80a014827cdc3/protobuf_py_ext-0.3.0-cp310-abi3-manylinux_2_17_aarch64.manylinux2014_aarch64.whl", hash = "sha256:ddadde8fc52dbd5baf95fd9399696da4da198a8d8f5d26e0d3b82ce78003690b", size = 476076, upload-time = "2026-08-07T01:23:43.663Z" },
    { url = "https://files.pythonhosted.org/packages/78/12/698b371bf31c9ae9932739fabb8455f59dcbbe37efade5fed7f0bbf06d6a/protobuf_py_ext-0.3.0-cp310-abi3-manylinux_2_17_x86_64.manylinux2014_x86_64.whl", hash = "sha256:1f3c1a6fccc04baf459ac9b6c6d081ed865e55df3d28da912c7ac853fff22a5a", size = 499103, upload-time = "2026-08-07T01:23:45.131Z" },
    { url = "https://files.pythonhosted.org/packages/a4/f0/710711ea30665aa90bc9f06eb03b9c08c214b35983375e9f8500c650efd2/protobuf_py_ext-0.3.0-cp310-abi3-musllinux_1_2_aarch64.whl", hash = "sha256:9f02991fce2386d17995bda2ad95131c23eda6391812822e5dc884798a6cfede", size = 653224, upload-time = "2026-08-07T01:23:46.688Z" },
    { url = "https://files.pythonhosted.org/packages/48/88/38c152ec0b1e3a44f0f9c3391022c1ee503fb09d6bb55343354aa6252708/protobuf_py_ext-0.3.0-cp310-abi3-musllinux_1_2_x86_64.whl", hash = "sha256:177214198ebc2b4553375e84cef09d68be8e2b72a914420b5207436a3069a99b", size = 711813, upload-time = "2026-08-07T01:23:48.083Z" },
    { url = "https://files.pythonhosted.org/packages/17/7f/d847aed3628f4f29c33c697856a6f1d9de7cf771bdc933b3f50cbe72ad22/protobuf_py_ext-0.3.0-cp310-abi3-win_amd64.whl", hash = "sha256:b9dec4035f401ebe146e10779ce688cd49baf19e4b452552b8df37211df1377a", size = 435724, upload-time = "2026-08-07T01:23:49.717Z" },
    { url = "https://files.pythonhosted.org/packages/54/4c/b7c9f00d117f74e6639e48a85ef59c2caec9e90cc97c48319b910a87cd67/protobuf_py_ext-0.3.0-cp310-abi3-win_arm64.whl", hash = "sha256:7c9577afe77f0b92ac43a81422c45c46a4aa3bc46adcdbb763188adee4aa0393", size = 417445, upload-time = "2026-08-07T01:23:51.063Z" },
    { url = "https://files.pythonhosted.org/packages/51/9e/1338bf38012532be011c08509cdc11383db35e4fee0c3b7977fde6b0c572/protobuf_py_ext-0.3.0-cp314-cp314-macosx_11_0_arm64.whl", hash = "sha256:875c6fdcaef63081373785d62ae34cf06b52ff9fffa48edb2b5df51a2693a989", size = 465843, upload-time = "2026-08-07T01:24:07.912Z" },
    { url = "https://files.pythonhosted.org/packages/38/20/c64703ed9cf852cc7db2af05a427878f2eed1b1fbb2cdcbbb4a2c93bbb3a/protobuf_py_ext-0.3.0-cp314-cp314-manylinux_2_17_aarch64.manylinux2014_aarch64.whl", hash = "sha256:187f4ce00a965d8d90af9584436908234ccddb57fa88bffe7d2f0b8a331a9305", size = 471390, upload-time = "2026-08-07T01:24:09.295Z" },
    { url = "https://files.pythonhosted.org/packages/6a/41/8d3f86f665072fd00eddaf229e9eb257cff947d05c107c7e9d34474dadb2/protobuf_py_ext-0.3.0-cp314-cp314-manylinux_2_17_x86_64.manylinux2014_x86_64.whl", hash = "sha256:b78b7c1cc18fc20e668b59c7ad14d0e183c3d8c6404dc6ec8d3c341aa13d87a4", size = 492409, upload-time = "2026-08-07T01:24:10.663Z" },
    { url = "https://files.pythonhosted.org/packages/3c/b5/2edbb76e9ec41296ec085ecc888ec50d09eda297744ac3256b046362226a/protobuf_py_ext-0.3.0-cp314-cp314-musllinux_1_2_aarch64.whl", hash = "sha256:c3cc0dba2a4d6c17db15904e82e89b308e6e87cf206fc0b86c00dc72237d77e1", size = 649031, upload-time = "2026-08-07T01:24:12.408Z" },
    { url = "https://files.pythonhosted.org/packages/00/b7/a2b7f35e6f25756e6def7938d6a7d976e7cc7e4b5fe3b54c6ed906d9e893/protobuf_py_ext-0.3.0-cp314-cp314-musllinux_1_2_x86_64.whl", hash = "sha256:0ddd90ad7bb65e9f74c4a85d3c27677ada1bfb830ae6b09663adb5a5541d0800", size = 705347, upload-time = "2026-08-07T01:24:14.174Z" },
    { url = "https://files.pythonhosted.org/packages/58/d6/34472bc211133dceff10e9ed1fc319617ff98aa178efcc432080e07664df/protobuf_py_ext-0.3.0-cp314-cp314t-macosx_11_0_arm64.whl", hash = "sha256:c8fde4998c0c1785871c26851c08d2d6018ef9b56af04b82e56259fc487c146f", size = 454451, upload-time = "2026-08-07T01:24:15.494Z" },
    { url = "https://files.pythonhosted.org/packages/52/70/d2063415e9a7bf9f67307b9d4265ebd47cacfb615ee38047c976a25af1d9/protobuf_py_ext-0.3.0-cp314-cp314t-manylinux_2_17_aarch64.manylinux2014_aarch64.whl", hash = "sha256:16b55408ab00b9faf9d409c16ce08664769e8448ea32650a43a5e24c60a69481", size = 462784, upload-time = "2026-08-07T01:24:16.99Z" },
    { url = "https://files.pythonhosted.org/packages/bd/68/f7ba7e3200d4b6b5f704c1e4f7df50968a56e07cd583b05c1d2dd745dda8/protobuf_py_ext-0.3.0-cp314-cp314t-manylinux_2_17_x86_64.manylinux2014_x86_64.whl", hash = "sha256:2cae6fea1702a74cf585827bba0b564cecd7174d7edb7e130a10b2d47345f9d4", size = 483419, upload-time = "2026-08-07T01:24:18.439Z" },
    { url = "https://files.pythonhosted.org/packages/16/6e/f1eab75a71f771447b805f46c589f045b1f7b4b04e3190a4f44147511d57/protobuf_py_ext-0.3.0-cp314-cp314t-musllinux_1_2_aarch64.whl", hash = "sha256:84336ac13eaa4bcd3fd8562dbfd358d014bba62797dfc9357b7d876700d4a56e", size = 640747, upload-time = "2026-08-07T01:24:19.901Z" },
    { url = "https://files.pythonhosted.org/packages/4e/8e/b2ad1ba6c60a4eca8aab7dfe22765723595dad6432e2f0c067bb8aea4a57/protobuf_py_ext-0.3.0-cp314-cp314t-musllinux_1_2_x86_64.whl", hash = "sha256:525ce39c8f2a12d5670804a1e1cae15e7e7debd4a872a4acd177703fa6b305fd", size = 696495, upload-time = "2026-08-07T01:24:21.451Z" },
]

[[package]]
name = "protovalidate"
version = "2.0.0"
source = { registry = "https://pypi.org/simple" }
dependencies = [
    { name = "protobuf-py" },
]
sdist = { url = "https://files.pythonhosted.org/packages/c6/73/f9ec1cbeb4caf28e695e966ba5b13397c598f523170d305ec05d03309b03/protovalidate-2.0.0.tar.gz", hash = "sha256:f2fce76be2afc91f1c2f57b0d1bba26a1681cf687ba387a3a4bea6a69e13a805", size = 18878241, upload-time = "2026-08-19T01:09:50.795Z" }
wheels = [
    { url = "https://files.pythonhosted.org/packages/d6/eb/3e599ef96878cf389927ad2d041c7c6d7cd76ea8d91a77819523c78d2afc/protovalidate-2.0.0-cp310-abi3-macosx_10_12_x86_64.whl", hash = "sha256:fd00fbe5297165f55aa208159e28eac27db5821bb255a65d53f659dcb4eba0cd", size = 2729581, upload-time = "2026-08-19T01:09:23.417Z" },
    { url = "https://files.pythonhosted.org/packages/1d/ee/88f2f3a1bb548809e7c4cb000e0beee86bf3702f47b85009c23c4ecbfd75/protovalidate-2.0.0-cp310-abi3-macosx_11_0_arm64.whl", hash = "sha256:156efdcc8a7db502f92180f5dff6dea200f8297aa2280abff2b6ca695a62a694", size = 2542469, upload-time = "2026-08-19T01:09:25.368Z" },
    { url = "https://files.pythonhosted.org/packages/64/23/5967208bb04833d566fe932f87e00bece53a30bfc5a54009a56dbf64932e/protovalidate-2.0.0-cp310-abi3-manylinux_2_17_aarch64.manylinux2014_aarch64.whl", hash = "sha256:6109644d4d7be9e49e77198deac274881a281e168a0d2edefa38063e4247280e", size = 3323752, upload-time = "2026-08-19T01:09:26.892Z" },
    { url = "https://files.pythonhosted.org/packages/66/b5/fe5c545bb2daee3d098360604e5c34e6419c9b1e6341890a86e89da4c055/protovalidate-2.0.0-cp310-abi3-manylinux_2_17_x86_64.manylinux2014_x86_64.whl", hash = "sha256:fe8c9e237b9f034269f134d4ee0a872689b38e1c8113668a351f9f12bcfcf62e", size = 3588717, upload-time = "2026-08-19T01:09:28.308Z" },
    { url = "https://files.pythonhosted.org/packages/8b/dd/677c2adb9a6ca5e7122a4558c469738c93eb88d720fd291b03a6a6bdb375/protovalidate-2.0.0-cp310-abi3-musllinux_1_2_aarch64.whl", hash = "sha256:be86a8253fd64a250d8e15598fcebdf3b1fd6384f6ef1f1d412b4b5cb7d47686", size = 9569483, upload-time = "2026-08-19T01:09:29.933Z" },
    { url = "https://files.pythonhosted.org/packages/d7/d6/7650ad5e8f23a6e0b8e4e36ea8e33c2d3ebf5a8746d49b7c3cee1d156e2a/protovalidate-2.0.0-cp310-abi3-musllinux_1_2_x86_64.whl", hash = "sha256:c88442347f2b01fc7a5d67280a99730135310400b039fe63a5ec1581c26ea8b8", size = 10139193, upload-time = "2026-08-19T01:09:32.01Z" },
    { url = "https://files.pythonhosted.org/packages/76/b0/35bde6aa90d2205ae3913e023751067acaf724a3a1e9325cc4d5abcd44ce/protovalidate-2.0.0-cp310-abi3-win_amd64.whl", hash = "sha256:4d4c48b64918f9da1b11cebc66cbe248a942dc42ccbfb27c32834faf9ef68348", size = 2733195, upload-time = "2026-08-19T01:09:33.872Z" },
    { url = "https://files.pythonhosted.org/packages/53/66/1b88effa91f586a4ca13614ca753d1d0ac89728970f6939e85f8adc47aa7/protovalidate-2.0.0-cp310-abi3-win_arm64.whl", hash = "sha256:7dbd2115b0be40139badff0da80fdc4b9d2b08944ccf072bbdefaceeaabac1de", size = 2604461, upload-time = "2026-08-19T01:09:35.44Z" },
    { url = "https://files.pythonhosted.org/packages/df/13/604ace01a46ee76615b6c00bffb2e52bd9f4239d8df1f35a80114fd72b34/protovalidate-2.0.0-cp314-cp314t-macosx_10_12_x86_64.whl", hash = "sha256:c543314a58605419c6ebcfed9559bfbf73ec34e0f8c1e42f25a93a5d32fac29d", size = 2728591, upload-time = "2026-08-19T01:09:36.846Z" },
    { url = "https://files.pythonhosted.org/packages/dc/24/1d69b31c89868f4047a0b9bc367077d55a89b9fe42831309d3f24291fb89/protovalidate-2.0.0-cp314-cp314t-macosx_11_0_arm64.whl", hash = "sha256:9d632d66535c29d86eaa6d7148b66d8e9ce76cf6475f1c820b39bc197e67d356", size = 2533581, upload-time = "2026-08-19T01:09:38.254Z" },
    { url = "https://files.pythonhosted.org/packages/c3/1e/8260ab04a9bcb50393dc9b34cf977f7b85d50daf7a6b78118f37ad428547/protovalidate-2.0.0-cp314-cp314t-manylinux_2_17_aarch64.manylinux2014_aarch64.whl", hash = "sha256:fb63d5c09687248ba583b917b368ce6e214890a1e86831dc80ed54e72967718b", size = 3319591, upload-time = "2026-08-19T01:09:39.855Z" },
    { url = "https://files.pythonhosted.org/packages/be/2d/3ffc43b6bdec33232041311b9aa58a7e67b097ca03b807ac099f46b9e750/protovalidate-2.0.0-cp314-cp314t-manylinux_2_17_x86_64.manylinux2014_x86_64.whl", hash = "sha256:8ce2601b2734cc0a5e8fce1d8c39dfcabec8033a271ddb140e9eb3488765dae2", size = 3583669, upload-time = "2026-08-19T01:09:41.4Z" },
    { url = "https://files.pythonhosted.org/packages/40/2b/233c0a97ff1941592e271bb38b95df5fc538a5e3bae48745f45ec040e404/protovalidate-2.0.0-cp314-cp314t-musllinux_1_2_aarch64.whl", hash = "sha256:c3e105e5304fe74295a4f52d0aace8382f7b1934dcbbb396fa21f475e7d1a5d3", size = 9565307, upload-time = "2026-08-19T01:09:42.956Z" },
    { url = "https://files.pythonhosted.org/packages/42/b2/02960bc493fc67b9d215c47437645a2581e220cafc817be535fff5f939c3/protovalidate-2.0.0-cp314-cp314t-musllinux_1_2_x86_64.whl", hash = "sha256:ffc55c8988f00bfd2a01cc951fb31a217ccd07e27b5b0d23d811be8754e562d7", size = 10134757, upload-time = "2026-08-19T01:09:45.315Z" },
    { url = "https://files.pythonhosted.org/packages/f3/33/a922f91110f8ef7eb58da6bf2c883c6592a31af641a17039f51e626ce02b/protovalidate-2.0.0-cp314-cp314t-win_amd64.whl", hash = "sha256:5ef05e596a5a7b333b33d45c02c81a95db6d6c291c520716c36031a691925647", size = 2726317, upload-time = "2026-08-19T01:09:47.329Z" },
    { url = "https://files.pythonhosted.org/packages/fe/d1/2bfed5e8228d1c90e651a879fad7136e06e82dee2ea0d9063b82f87c2104/protovalidate-2.0.0-cp314-cp314t-win_arm64.whl", hash = "sha256:1e797abc70fb89513d2556a85c89d066c8204f2f5b84944f0a485d5e0c87567b", size = 2597755, upload-time = "2026-08-19T01:09:48.909Z" },
]

[[package]]
name = "pygments"
version = "2.21.0"
source = { registry = "https://pypi.org/simple" }
sdist = { url = "https://files.pythonhosted.org/packages/49/2e/ced460408999b33da6b31b0021b0f37d329e202d4169aeb164493778f25b/pygments-2.21.0.tar.gz", hash = "sha256:610ca751c9bc2492b38eb9a38a7fbc93edbbb2d7182edaf34e66ae493dee5c8c", size = 5005329, upload-time = "2026-08-17T08:02:48.824Z" }
wheels = [
    { url = "https://files.pythonhosted.org/packages/71/46/17f022dd3e953bf20a04a028a21ec746d942f8d2af30fa0f124fa0e6a684/pygments-2.21.0-py3-none-any.whl", hash = "sha256:2363c69b61c4a97c838da3b130dcd6468f4848992b21a82f2a63ec34377137d9", size = 1250147, upload-time = "2026-08-17T08:02:44.912Z" },
]

[[package]]
name = "pytest"
version = "9.1.1"
source = { registry = "https://pypi.org/simple" }
dependencies = [
    { name = "colorama", marker = "sys_platform == 'win32'" },
    { name = "iniconfig" },
    { name = "packaging" },
    { name = "pluggy" },
    { name = "pygments" },
]
sdist = { url = "https://files.pythonhosted.org/packages/e4/47/b9efed96c114afcfa3c9d3fe98a76a1d14c74a9e266d397cf6eb64be5e01/pytest-9.1.1.tar.gz", hash = "sha256:1088fbde8f2b49d95a549a195707afa7a76a3ce9bcadc26b6d71f0ffda5fe313", size = 1636369, upload-time = "2026-06-19T10:58:32.857Z" }
wheels = [
    { url = "https://files.pythonhosted.org/packages/24/25/1de2678b631f5a49215c6c96fff41ba892b0a34df68d6d80292b1b48aa7f/pytest-9.1.1-py3-none-any.whl", hash = "sha256:37a86b45efb9a47a61a36449063e8e18d0cab3161329fc099eb21783169c4f0c", size = 386536, upload-time = "2026-06-19T10:58:31.347Z" },
]

[[package]]
name = "pyyaml"
version = "6.0.3"
source = { registry = "https://pypi.org/simple" }
sdist = { url = "https://files.pythonhosted.org/packages/05/8e/961c0007c59b8dd7729d542c61a4d537767a59645b82a0b521206e1e25c2/pyyaml-6.0.3.tar.gz", hash = "sha256:d76623373421df22fb4cf8817020cbb7ef15c725b9d5e45f17e189bfc384190f", size = 130960, upload-time = "2025-09-25T21:33:16.546Z" }
wheels = [
    { url = "https://files.pythonhosted.org/packages/9d/8c/f4bd7f6465179953d3ac9bc44ac1a8a3e6122cf8ada906b4f96c60172d43/pyyaml-6.0.3-cp314-cp314-macosx_10_13_x86_64.whl", hash = "sha256:8d1fab6bb153a416f9aeb4b8763bc0f22a5586065f86f7664fc23339fc1c1fac", size = 181814, upload-time = "2025-09-25T21:32:35.712Z" },
    { url = "https://files.pythonhosted.org/packages/bd/9c/4d95bb87eb2063d20db7b60faa3840c1b18025517ae857371c4dd55a6b3a/pyyaml-6.0.3-cp314-cp314-macosx_11_0_arm64.whl", hash = "sha256:34d5fcd24b8445fadc33f9cf348c1047101756fd760b4dacb5c3e99755703310", size = 173809, upload-time = "2025-09-25T21:32:36.789Z" },
    { url = "https://files.pythonhosted.org/packages/92/b5/47e807c2623074914e29dabd16cbbdd4bf5e9b2db9f8090fa64411fc5382/pyyaml-6.0.3-cp314-cp314-manylinux2014_aarch64.manylinux_2_17_aarch64.manylinux_2_28_aarch64.whl", hash = "sha256:501a031947e3a9025ed4405a168e6ef5ae3126c59f90ce0cd6f2bfc477be31b7", size = 766454, upload-time = "2025-09-25T21:32:37.966Z" },
    { url = "https://files.pythonhosted.org/packages/02/9e/e5e9b168be58564121efb3de6859c452fccde0ab093d8438905899a3a483/pyyaml-6.0.3-cp314-cp314-manylinux2014_s390x.manylinux_2_17_s390x.manylinux_2_28_s390x.whl", hash = "sha256:b3bc83488de33889877a0f2543ade9f70c67d66d9ebb4ac959502e12de895788", size = 836355, upload-time = "2025-09-25T21:32:39.178Z" },
    { url = "https://files.pythonhosted.org/packages/88/f9/16491d7ed2a919954993e48aa941b200f38040928474c9e85ea9e64222c3/pyyaml-6.0.3-cp314-cp314-manylinux2014_x86_64.manylinux_2_17_x86_64.manylinux_2_28_x86_64.whl", hash = "sha256:c458b6d084f9b935061bc36216e8a69a7e293a2f1e68bf956dcd9e6cbcd143f5", size = 794175, upload-time = "2025-09-25T21:32:40.865Z" },
    { url = "https://files.pythonhosted.org/packages/dd/3f/5989debef34dc6397317802b527dbbafb2b4760878a53d4166579111411e/pyyaml-6.0.3-cp314-cp314-musllinux_1_2_aarch64.whl", hash = "sha256:7c6610def4f163542a622a73fb39f534f8c101d690126992300bf3207eab9764", size = 755228, upload-time = "2025-09-25T21:32:42.084Z" },
    { url = "https://files.pythonhosted.org/packages/d7/ce/af88a49043cd2e265be63d083fc75b27b6ed062f5f9fd6cdc223ad62f03e/pyyaml-6.0.3-cp314-cp314-musllinux_1_2_x86_64.whl", hash = "sha256:5190d403f121660ce8d1d2c1bb2ef1bd05b5f68533fc5c2ea899bd15f4399b35", size = 789194, upload-time = "2025-09-25T21:32:43.362Z" },
    { url = "https://files.pythonhosted.org/packages/23/20/bb6982b26a40bb43951265ba29d4c246ef0ff59c9fdcdf0ed04e0687de4d/pyyaml-6.0.3-cp314-cp314-win_amd64.whl", hash = "sha256:4a2e8cebe2ff6ab7d1050ecd59c25d4c8bd7e6f400f5f82b96557ac0abafd0ac", size = 156429, upload-time = "2025-09-25T21:32:57.844Z" },
    { url = "https://files.pythonhosted.org/packages/f4/f4/a4541072bb9422c8a883ab55255f918fa378ecf083f5b85e87fc2b4eda1b/pyyaml-6.0.3-cp314-cp314-win_arm64.whl", hash = "sha256:93dda82c9c22deb0a405ea4dc5f2d0cda384168e466364dec6255b293923b2f3", size = 143912, upload-time = "2025-09-25T21:32:59.247Z" },
    { url = "https://files.pythonhosted.org/packages/7c/f9/07dd09ae774e4616edf6cda684ee78f97777bdd15847253637a6f052a62f/pyyaml-6.0.3-cp314-cp314t-macosx_10_13_x86_64.whl", hash = "sha256:02893d100e99e03eda1c8fd5c441d8c60103fd175728e23e431db1b589cf5ab3", size = 189108, upload-time = "2025-09-25T21:32:44.377Z" },
    { url = "https://files.pythonhosted.org/packages/4e/78/8d08c9fb7ce09ad8c38ad533c1191cf27f7ae1effe5bb9400a46d9437fcf/pyyaml-6.0.3-cp314-cp314t-macosx_11_0_arm64.whl", hash = "sha256:c1ff362665ae507275af2853520967820d9124984e0f7466736aea23d8611fba", size = 183641, upload-time = "2025-09-25T21:32:45.407Z" },
    { url = "https://files.pythonhosted.org/packages/7b/5b/3babb19104a46945cf816d047db2788bcaf8c94527a805610b0289a01c6b/pyyaml-6.0.3-cp314-cp314t-manylinux2014_aarch64.manylinux_2_17_aarch64.manylinux_2_28_aarch64.whl", hash = "sha256:6adc77889b628398debc7b65c073bcb99c4a0237b248cacaf3fe8a557563ef6c", size = 831901, upload-time = "2025-09-25T21:32:48.83Z" },
    { url = "https://files.pythonhosted.org/packages/8b/cc/dff0684d8dc44da4d22a13f35f073d558c268780ce3c6ba1b87055bb0b87/pyyaml-6.0.3-cp314-cp314t-manylinux2014_s390x.manylinux_2_17_s390x.manylinux_2_28_s390x.whl", hash = "sha256:a80cb027f6b349846a3bf6d73b5e95e782175e52f22108cfa17876aaeff93702", size = 861132, upload-time = "2025-09-25T21:32:50.149Z" },
    { url = "https://files.pythonhosted.org/packages/b1/5e/f77dc6b9036943e285ba76b49e118d9ea929885becb0a29ba8a7c75e29fe/pyyaml-6.0.3-cp314-cp314t-manylinux2014_x86_64.manylinux_2_17_x86_64.manylinux_2_28_x86_64.whl", hash = "sha256:00c4bdeba853cc34e7dd471f16b4114f4162dc03e6b7afcc2128711f0eca823c", size = 839261, upload-time = "2025-09-25T21:32:51.808Z" },
    { url = "https://files.pythonhosted.org/packages/ce/88/a9db1376aa2a228197c58b37302f284b5617f56a5d959fd1763fb1675ce6/pyyaml-6.0.3-cp314-cp314t-musllinux_1_2_aarch64.whl", hash = "sha256:66e1674c3ef6f541c35191caae2d429b967b99e02040f5ba928632d9a7f0f065", size = 805272, upload-time = "2025-09-25T21:32:52.941Z" },
    { url = "https://files.pythonhosted.org/packages/da/92/1446574745d74df0c92e6aa4a7b0b3130706a4142b2d1a5869f2eaa423c6/pyyaml-6.0.3-cp314-cp314t-musllinux_1_2_x86_64.whl", hash = "sha256:16249ee61e95f858e83976573de0f5b2893b3677ba71c9dd36b9cf8be9ac6d65", size = 829923, upload-time = "2025-09-25T21:32:54.537Z" },
    { url = "https://files.pythonhosted.org/packages/f0/7a/1c7270340330e575b92f397352af856a8c06f230aa3e76f86b39d01b416a/pyyaml-6.0.3-cp314-cp314t-win_amd64.whl", hash = "sha256:4ad1906908f2f5ae4e5a8ddfce73c320c2a1429ec52eafd27138b7f1cbe341c9", size = 174062, upload-time = "2025-09-25T21:32:55.767Z" },
    { url = "https://files.pythonhosted.org/packages/f1/12/de94a39c2ef588c7e6455cfbe7343d3b2dc9d6b6b2f40c4c6565744c873d/pyyaml-6.0.3-cp314-cp314t-win_arm64.whl", hash = "sha256:ebc55a14a21cb14062aa4162f906cd962b28e2e9ea38f9b4391244cd8de4ae0b", size = 149341, upload-time = "2025-09-25T21:32:56.828Z" },
]

[[package]]
name = "secedgar-mcp"
version = "0.1.0"
source = { editable = "." }
dependencies = [
    { name = "httpx" },
    { name = "invariant-protocol" },
    { name = "protobuf" },
    { name = "pyyaml" },
]

[package.dev-dependencies]
dev = [
    { name = "pytest" },
]

[package.metadata]
requires-dist = [
    { name = "httpx", specifier = ">=0.27" },
    { name = "invariant-protocol", git = "https://github.com/jim-technologies/invariantprotocol.git?subdirectory=python" },
    { name = "protobuf", specifier = ">=5.29" },
    { name = "pyyaml", specifier = ">=6.0" },
]

[package.metadata.requires-dev]
dev = [{ name = "pytest", specifier = ">=9.0.2" }]

[[package]]
name = "typing-extensions"
version = "4.16.0"
source = { registry = "https://pypi.org/simple" }
sdist = { url = "https://files.pythonhosted.org/packages/f6/cc/6253133b5bb138fc3306cebfbda2c520f545d36b5be2c7255cc528bb45d6/typing_extensions-4.16.0.tar.gz", hash = "sha256:dc983d19a509c94dba722ee6abd33940f7c05a89e243c47e907eb4db6f1a43e5", size = 113555, upload-time = "2026-07-02T08:40:05.92Z" }
wheels = [
    { url = "https://files.pythonhosted.org/packages/49/d3/b8441a820a491ddfc024b0b0cf0393375b75ea13866d9c66727e54c2fc80/typing_extensions-4.16.0-py3-none-any.whl", hash = "sha256:481caa481374e813c1b176ada14e97f1f67a4539ce9cfeb3f350d78d6370c2e8", size = 45571, upload-time = "2026-07-02T08:40:04.659Z" },
]

[[package]]
name = "uvicorn"
version = "0.52.4"
source = { registry = "https://pypi.org/simple" }
dependencies = [
    { name = "click" },
    { name = "h11" },
]
sdist = { url = "https://files.pythonhosted.org/packages/f2/0f/3f86e61397dd33bf2ccf28188c40db6a740658aeebbbf6e7dbc101a1f487/uvicorn-0.52.4.tar.gz", hash = "sha256:73acfee47a0b133c5de13d219492d62d8a31e935f4fe6e41a232451a15379f86", size = 100627, upload-time = "2026-08-19T06:27:41.821Z" }
wheels = [
    { url = "https://files.pythonhosted.org/packages/f1/79/4a20b54ab0491485ccd8c077db2d39187c7f12b3e15485d38a7be37c81b4/uvicorn-0.52.4-py3-none-any.whl", hash = "sha256:f86e41a149d7d05a9969337e3946a9c171c06a5d42680896daaba624aeac8da1", size = 79871, upload-time = "2026-08-19T06:27:40.36Z" },
]
